
Microsoft Visual Studio Solution File, Format Version 12.00
# Visual Studio 15
VisualStudioVersion = 15.0.27703.2018
MinimumVisualStudioVersion = 10.0.40219.1
Project("{FAE04EC0-301F-11D3-BF4B-00C04F79EFBC}") = "Cookbook", "Cookbook\Cookbook.csproj", "{9E67C9BF-C966-4DDB-AB3F-9EBDA4FACB80}"
EndProject
Project("{FAE04EC0-301F-11D3-BF4B-00C04F79EFBC}") = "Cookbook.Tests", "Cookbook.Tests\Cookbook.Tests.csproj", "{D6C3B79A-4FC9-47E9-B109-7A01B6BE8359}"
EndProject
Global
	GlobalSection(SolutionConfigurationPlatforms) = preSolution
		Debug|Any CPU = Debug|Any CPU
		Release|Any CPU = Release|Any CPU
	EndGlobalSection
	GlobalSection(ProjectConfigurationPlatforms) = postSolution
		{9E67C9BF-C966-4DDB-AB3F-9EBDA4FACB80}.Debug|Any CPU.ActiveCfg = Debug|Any CPU
		{9E67C9BF-C966-4DDB-AB3F-9EBDA4FACB80}.Debug|Any CPU.Build.0 = Debug|Any CPU
		{9E67C9BF-C966-4DDB-AB3F-9EBDA4FACB80}.Release|Any CPU.ActiveCfg = Release|Any CPU
		{9E67C9BF-C966-4DDB-AB3F-9EBDA4FACB80}.Release|Any CPU.Build.0 = Release|Any CPU
		{D6C3B79A-4FC9-47E9-B109-7A01B6BE8359}.Debug|Any CPU.ActiveCfg = Debug|Any CPU
		{D6C3B79A-4FC9-47E9-B109-7A01B6BE8359}.Debug|Any CPU.Build.0 = Debug|Any CPU
		{D6C3B79A-4FC9-47E9-B109-7A01B6BE8359}.Release|Any CPU.ActiveCfg = Release|Any CPU
		{D6C3B79A-4FC9-47E9-B109-7A01B6BE8359}.Release|Any CPU.Build.0 = Release|Any CPU
	EndGlobalSection
	GlobalSection(SolutionProperties) = preSolution
		HideSolutionNode = FALSE
	EndGlobalSection
	GlobalSection(ExtensibilityGlobals) = postSolution
		SolutionGuid = {BE1F7064-19BF-4685-92CF-303CF753AF60}
	EndGlobalSection
EndGlobal
